
Microsoft Visual Studio Solution File, Format Version 12.00
# Visual Studio Version 16
VisualStudioVersion = 16.0.31105.61
MinimumVisualStudioVersion = 10.0.40219.1
Project("{FAE04EC0-301F-11D3-BF4B-00C04F79EFBC}") = "TombstoneRedefined", "TombstoneRedefined\TombstoneRedefined.csproj", "{E7192A35-5D04-4D75-8533-FB6470C2AF35}"
EndProject
Global
	GlobalSection(SolutionConfigurationPlatforms) = preSolution
		Debug|Any CPU = Debug|Any CPU
		Release|Any CPU = Release|Any CPU
	EndGlobalSection
	GlobalSection(ProjectConfigurationPlatforms) = postSolution
		{E7192A35-5D04-4D75-8533-FB6470C2AF35}.Debug|Any CPU.ActiveCfg = Debug|Any CPU
		{E7192A35-5D04-4D75-8533-FB6470C2AF35}.Debug|Any CPU.Build.0 = Debug|Any CPU
		{E7192A35-5D04-4D75-8533-FB6470C2AF35}.Release|Any CPU.ActiveCfg = Release|Any CPU
		{E7192A35-5D04-4D75-8533-FB6470C2AF35}.Release|Any CPU.Build.0 = Release|Any CPU
	EndGlobalSection
	GlobalSection(SolutionProperties) = preSolution
		HideSolutionNode = FALSE
	EndGlobalSection
	GlobalSection(ExtensibilityGlobals) = postSolution
		SolutionGuid = {D5D388B7-08B7-4ACD-B3F0-5FDDCDC5196E}
	EndGlobalSection
EndGlobal
